
Microsoft Visual Studio Solution File, Format Version 12.00
# Visual Studio Version 17
VisualStudioVersion = 17.6.33829.357
MinimumVisualStudioVersion = 10.0.40219.1
Project("{FAE04EC0-301F-11D3-BF4B-00C04F79EFBC}") = "SIMDTutorial", "SIMDTutorial.csproj", "{F33FA8D3-60CD-4203-83B8-A316FF65731F}"
EndProject
Global
	GlobalSection(SolutionConfigurationPlatforms) = preSolution
		Debug|Any CPU = Debug|Any CPU
		Release|Any CPU = Release|Any CPU
	EndGlobalSection
	GlobalSection(ProjectConfigurationPlatforms) = postSolution
		{F33FA8D3-60CD-4203-83B8-A316FF65731F}.Debug|Any CPU.ActiveCfg = Debug|Any CPU
		{F33FA8D3-60CD-4203-83B8-A316FF65731F}.Debug|Any CPU.Build.0 = Debug|Any CPU
		{F33FA8D3-60CD-4203-83B8-A316FF65731F}.Release|Any CPU.ActiveCfg = Release|Any CPU
		{F33FA8D3-60CD-4203-83B8-A316FF65731F}.Release|Any CPU.Build.0 = Release|Any CPU
	EndGlobalSection
	GlobalSection(SolutionProperties) = preSolution
		HideSolutionNode = FALSE
	EndGlobalSection
	GlobalSection(ExtensibilityGlobals) = postSolution
		SolutionGuid = {33F784CA-8977-4341-ADC5-EE99C22A1E52}
	EndGlobalSection
EndGlobal
